
Microsoft Visual Studio Solution File, Format Version 12.00
# Visual Studio Version 16
VisualStudioVersion = 16.0.29806.167
MinimumVisualStudioVersion = 10.0.40219.1
Project("{9A19103F-16F7-4668-BE54-9A1E7A4F7556}") = "FoodLog", "FoodLog\FoodLog.csproj", "{57BBD924-E42D-486F-BE05-A51BCA225825}"
EndProject
Project("{FAE04EC0-301F-11D3-BF4B-00C04F79EFBC}") = "FoodLogTests", "FoodLogTests\FoodLogTests.csproj", "{42BBF2E9-DE3D-44AB-896A-6A15D51870D8}"
EndProject
Global
	GlobalSection(SolutionConfigurationPlatforms) = preSolution
		Debug|Any CPU = Debug|Any CPU
		Release|Any CPU = Release|Any CPU
	EndGlobalSection
	GlobalSection(ProjectConfigurationPlatforms) = postSolution
		{57BBD924-E42D-486F-BE05-A51BCA225825}.Debug|Any CPU.ActiveCfg = Debug|Any CPU
		{57BBD924-E42D-486F-BE05-A51BCA225825}.Debug|Any CPU.Build.0 = Debug|Any CPU
		{57BBD924-E42D-486F-BE05-A51BCA225825}.Release|Any CPU.ActiveCfg = Release|Any CPU
		{57BBD924-E42D-486F-BE05-A51BCA225825}.Release|Any CPU.Build.0 = Release|Any CPU
		{42BBF2E9-DE3D-44AB-896A-6A15D51870D8}.Debug|Any CPU.ActiveCfg = Debug|Any CPU
		{42BBF2E9-DE3D-44AB-896A-6A15D51870D8}.Debug|Any CPU.Build.0 = Debug|Any CPU
		{42BBF2E9-DE3D-44AB-896A-6A15D51870D8}.Release|Any CPU.ActiveCfg = Release|Any CPU
		{42BBF2E9-DE3D-44AB-896A-6A15D51870D8}.Release|Any CPU.Build.0 = Release|Any CPU
	EndGlobalSection
	GlobalSection(SolutionProperties) = preSolution
		HideSolutionNode = FALSE
	EndGlobalSection
	GlobalSection(ExtensibilityGlobals) = postSolution
		SolutionGuid = {629F0B9C-E589-4BB2-95B9-210EBC22619C}
	EndGlobalSection
EndGlobal
